lockfileVersion: '9.0'

settings:
  autoInstallPeers: true
  excludeLinksFromLockfile: false

importers:

  .:
    dependencies:
      '@tcg-tracker/types':
        specifier: workspace:*
        version: link:../../packages/types
    devDependencies:
      '@trpc/server':
        specifier: ^11.9.0
        version: 11.9.0(typescript@5.9.3)
      typescript:
        specifier: ^5.7.2
        version: 5.9.3

packages:

  '@trpc/server@11.9.0':
    resolution: {integrity: sha512-T8gC4NOCzx8tCsQEQ5sSjf24bN+9AEqXZRfpThG+YCEmcEwXfS7RP8VVrl5Vodt1S+zGEDyQSof4YVAj1zq/mg==}
    peerDependencies:
      typescript: '>=5.7.2'

  typescript@5.9.3:
    resolution: {integrity: sha512-jl1vZzPDinLr9eUt3J/t7V6FgNEw9QjvBPdysz9KfQDD41fQrC2Y4vKQdiaUpFT4bXlb1RHhLpp8wtm6M5TgSw==}
    engines: {node: '>=14.17'}
    hasBin: true

snapshots:

  '@trpc/server@11.9.0(typescript@5.9.3)':
    dependencies:
      typescript: 5.9.3

  typescript@5.9.3: {}
